// !$*UTF8*$!
{
	archiveVersion = 1;
	classes = {
	};
	objectVersion = 46;
	objects = {

/* Begin PBXBuildFile section */
		0D6D609B1B27AE940086475C /* main.m in Sources */ = {isa = PBXBuildFile; fileRef = 0D6D609A1B27AE940086475C /* main.m */; };
		0D6D609E1B27AE940086475C /* AppDelegate.m in Sources */ = {isa = PBXBuildFile; fileRef = 0D6D609D1B27AE940086475C /* AppDelegate.m */; };
		0D6D60A11B27AE940086475C /* AuthViewController.m in Sources */ = {isa = PBXBuildFile; fileRef = 0D6D60A01B27AE940086475C /* AuthViewController.m */; };
		0D6D60A41B27AE940086475C /* Main.storyboard in Resources */ = {isa = PBXBuildFile; fileRef = 0D6D60A21B27AE940086475C /* Main.storyboard */; };
		0D6D60A61B27AE940086475C /* Assets.xcassets in Resources */ = {isa = PBXBuildFile; fileRef = 0D6D60A51B27AE940086475C /* Assets.xcassets */; };
		0D6D60A91B27AE940086475C /* LaunchScreen.storyboard in Resources */ = {isa = PBXBuildFile; fileRef = 0D6D60A71B27AE940086475C /* LaunchScreen.storyboard */; };
		0D6D60B41B27B2140086475C /* UserInfoViewController.m in Sources */ = {isa = PBXBuildFile; fileRef = 0D6D60B31B27B2140086475C /* UserInfoViewController.m */; };
		CEEC2AD88EFB25B54F5F4945 /* libPods-OAuthClient.a in Frameworks */ = {isa = PBXBuildFile; fileRef = 4C407F6C3AB6F7217C8D98AC /* libPods-OAuthClient.a */; };
/* End PBXBuildFile section */

/* Begin PBXFileReference section */
		0D6D60961B27AE940086475C /* OAuthClient.app */ = {isa = PBXFileReference; explicitFileType = wrapper.application; includeInIndex = 0; path = OAuthClient.app; sourceTree = BUILT_PRODUCTS_DIR; };
		0D6D609A1B27AE940086475C /* main.m */ = {isa = PBXFileReference; lastKnownFileType = sourcecode.c.objc; path = main.m; sourceTree = "<group>"; };
		0D6D609C1B27AE940086475C /* AppDelegate.h */ = {isa = PBXFileReference; lastKnownFileType = sourcecode.c.h; path = AppDelegate.h; sourceTree = "<group>"; };
		0D6D609D1B27AE940086475C /* AppDelegate.m */ = {isa = PBXFileReference; lastKnownFileType = sourcecode.c.objc; path = AppDelegate.m; sourceTree = "<group>"; };
		0D6D609F1B27AE940086475C /* AuthViewController.h */ = {isa = PBXFileReference; lastKnownFileType = sourcecode.c.h; path = AuthViewController.h; sourceTree = "<group>"; };
		0D6D60A01B27AE940086475C /* AuthViewController.m */ = {isa = PBXFileReference; lastKnownFileType = sourcecode.c.objc; path = AuthViewController.m; sourceTree = "<group>"; };
		0D6D60A31B27AE940086475C /* Base */ = {isa = PBXFileReference; lastKnownFileType = file.storyboard; name = Base; path = Base.lproj/Main.storyboard; sourceTree = "<group>"; };
		0D6D60A51B27AE940086475C /* Assets.xcassets */ = {isa = PBXFileReference; lastKnownFileType = folder.assetcatalog; path = Assets.xcassets; sourceTree = "<group>"; };
		0D6D60A81B27AE940086475C /* Base */ = {isa = PBXFileReference; lastKnownFileType = file.storyboard; name = Base; path = Base.lproj/LaunchScreen.storyboard; sourceTree = "<group>"; };
		0D6D60AA1B27AE940086475C /* Info.plist */ = {isa = PBXFileReference; lastKnownFileType = text.plist.xml; path = Info.plist; sourceTree = "<group>"; };
		0D6D60B21B27B2140086475C /* UserInfoViewController.h */ = {isa = PBXFileReference; fileEncoding = 4; lastKnownFileType = sourcecode.c.h; path = UserInfoViewController.h; sourceTree = "<group>"; };
		0D6D60B31B27B2140086475C /* UserInfoViewController.m */ = {isa = PBXFileReference; fileEncoding = 4; lastKnownFileType = sourcecode.c.objc; path = UserInfoViewController.m; sourceTree = "<group>"; };
		0D6D60B51B27B5F20086475C /* Config.h */ = {isa = PBXFileReference; fileEncoding = 4; lastKnownFileType = sourcecode.c.h; path = Config.h; sourceTree = "<group>"; };
		4C407F6C3AB6F7217C8D98AC /* libPods-OAuthClient.a */ = {isa = PBXFileReference; explicitFileType = archive.ar; includeInIndex = 0; path = "libPods-OAuthClient.a"; sourceTree = BUILT_PRODUCTS_DIR; };
		97A89AAEA98F5B597319D6FD /* Pods-OAuthClient.debug.xcconfig */ = {isa = PBXFileReference; includeInIndex = 1; lastKnownFileType = text.xcconfig; name = "Pods-OAuthClient.debug.xcconfig"; path = "Pods/Target Support Files/Pods-OAuthClient/Pods-OAuthClient.debug.xcconfig"; sourceTree = "<group>"; };
		CE537D25F404A655643DB529 /* Pods-OAuthClient.release.xcconfig */ = {isa = PBXFileReference; includeInIndex = 1; lastKnownFileType = text.xcconfig; name = "Pods-OAuthClient.release.xcconfig"; path = "Pods/Target Support Files/Pods-OAuthClient/Pods-OAuthClient.release.xcconfig"; sourceTree = "<group>"; };
/* End PBXFileReference section */

/* Begin PBXFrameworksBuildPhase section */
		0D6D60931B27AE940086475C /* Frameworks */ = {
			isa = PBXFrameworksBuildPhase;
			buildActionMask = 2147483647;
			files = (
				CEEC2AD88EFB25B54F5F4945 /* libPods-OAuthClient.a in Frameworks */,
			);
			runOnlyForDeploymentPostprocessing = 0;
		};
/* End PBXFrameworksBuildPhase section */

/* Begin PBXGroup section */
		0D6D608D1B27AE940086475C = {
			isa = PBXGroup;
			children = (
				0D6D60981B27AE940086475C /* OAuthClient */,
				0D6D60971B27AE940086475C /* Products */,
				6E90EDB4E6FA7B81E56F19A3 /* Pods */,
				7968C267D65ECCC707E17F4D /* Frameworks */,
			);
			sourceTree = "<group>";
		};
		0D6D60971B27AE940086475C /* Products */ = {
			isa = PBXGroup;
			children = (
				0D6D60961B27AE940086475C /* OAuthClient.app */,
			);
			name = Products;
			sourceTree = "<group>";
		};
		0D6D60981B27AE940086475C /* OAuthClient */ = {
			isa = PBXGroup;
			children = (
				0D6D609C1B27AE940086475C /* AppDelegate.h */,
				0D6D609D1B27AE940086475C /* AppDelegate.m */,
				0D6D609F1B27AE940086475C /* AuthViewController.h */,
				0D6D60A01B27AE940086475C /* AuthViewController.m */,
				0D6D60A21B27AE940086475C /* Main.storyboard */,
				0D6D60A51B27AE940086475C /* Assets.xcassets */,
				0D6D60A71B27AE940086475C /* LaunchScreen.storyboard */,
				0D6D60AA1B27AE940086475C /* Info.plist */,
				0D6D60991B27AE940086475C /* Supporting Files */,
				0D6D60B21B27B2140086475C /* UserInfoViewController.h */,
				0D6D60B31B27B2140086475C /* UserInfoViewController.m */,
				0D6D60B51B27B5F20086475C /* Config.h */,
			);
			path = OAuthClient;
			sourceTree = "<group>";
		};
		0D6D60991B27AE940086475C /* Supporting Files */ = {
			isa = PBXGroup;
			children = (
				0D6D609A1B27AE940086475C /* main.m */,
			);
			name = "Supporting Files";
			sourceTree = "<group>";
		};
		6E90EDB4E6FA7B81E56F19A3 /* Pods */ = {
			isa = PBXGroup;
			children = (
				97A89AAEA98F5B597319D6FD /* Pods-OAuthClient.debug.xcconfig */,
				CE537D25F404A655643DB529 /* Pods-OAuthClient.release.xcconfig */,
			);
			name = Pods;
			sourceTree = "<group>";
		};
		7968C267D65ECCC707E17F4D /* Frameworks */ = {
			isa = PBXGroup;
			children = (
				4C407F6C3AB6F7217C8D98AC /* libPods-OAuthClient.a */,
			);
			name = Frameworks;
			sourceTree = "<group>";
		};
/* End PBXGroup section */

/* Begin PBXNativeTarget section */
		0D6D60951B27AE940086475C /* OAuthClient */ = {
			isa = PBXNativeTarget;
			buildConfigurationList = 0D6D60AD1B27AE940086475C /* Build configuration list for PBXNativeTarget "OAuthClient" */;
			buildPhases = (
				E762DFD44615776C66BEDE64 /* Check Pods Manifest.lock */,
				0D6D60921B27AE940086475C /* Sources */,
				0D6D60931B27AE940086475C /* Frameworks */,
				0D6D60941B27AE940086475C /* Resources */,
				116E4FD583D169BC18670AEA /* Copy Pods Resources */,
			);
			buildRules = (
			);
			dependencies = (
			);
			name = OAuthClient;
			productName = OAuthClient;
			productReference = 0D6D60961B27AE940086475C /* OAuthClient.app */;
			productType = "com.apple.product-type.application";
		};
/* End PBXNativeTarget section */

/* Begin PBXProject section */
		0D6D608E1B27AE940086475C /* Project object */ = {
			isa = PBXProject;
			attributes = {
				LastUpgradeCheck = 0700;
				ORGANIZATIONNAME = Nixu;
				TargetAttributes = {
					0D6D60951B27AE940086475C = {
						CreatedOnToolsVersion = 7.0;
						DevelopmentTeam = AK35JP45GL;
					};
				};
			};
			buildConfigurationList = 0D6D60911B27AE940086475C /* Build configuration list for PBXProject "OAuthClient" */;
			compatibilityVersion = "Xcode 3.2";
			developmentRegion = English;
			hasScannedForEncodings = 0;
			knownRegions = (
				en,
				Base,
			);
			mainGroup = 0D6D608D1B27AE940086475C;
			productRefGroup = 0D6D60971B27AE940086475C /* Products */;
			projectDirPath = "";
			projectRoot = "";
			targets = (
				0D6D60951B27AE940086475C /* OAuthClient */,
			);
		};
/* End PBXProject section */

/* Begin PBXResourcesBuildPhase section */
		0D6D60941B27AE940086475C /* Resources */ = {
			isa = PBXResourcesBuildPhase;
			buildActionMask = 2147483647;
			files = (
				0D6D60A91B27AE940086475C /* LaunchScreen.storyboard in Resources */,
				0D6D60A61B27AE940086475C /* Assets.xcassets in Resources */,
				0D6D60A41B27AE940086475C /* Main.storyboard in Resources */,
			);
			runOnlyForDeploymentPostprocessing = 0;
		};
/* End PBXResourcesBuildPhase section */

/* Begin PBXShellScriptBuildPhase section */
		116E4FD583D169BC18670AEA /* Copy Pods Resources */ = {
			isa = PBXShellScriptBuildPhase;
			buildActionMask = 2147483647;
			files = (
			);
			inputPaths = (
			);
			name = "Copy Pods Resources";
			outputPaths = (
			);
			runOnlyForDeploymentPostprocessing = 0;
			shellPath = /bin/sh;
			shellScript = "\"${SRCROOT}/Pods/Target Support Files/Pods-OAuthClient/Pods-OAuthClient-resources.sh\"\n";
			showEnvVarsInLog = 0;
		};
		E762DFD44615776C66BEDE64 /* Check Pods Manifest.lock */ = {
			isa = PBXShellScriptBuildPhase;
			buildActionMask = 2147483647;
			files = (
			);
			inputPaths = (
			);
			name = "Check Pods Manifest.lock";
			outputPaths = (
			);
			runOnlyForDeploymentPostprocessing = 0;
			shellPath = /bin/sh;
			shellScript = "diff \"${PODS_ROOT}/../Podfile.lock\" \"${PODS_ROOT}/Manifest.lock\" > /dev/null\nif [[ $? != 0 ]] ; then\n    cat << EOM\nerror: The sandbox is not in sync with the Podfile.lock. Run 'pod install' or update your CocoaPods installation.\nEOM\n    exit 1\nfi\n";
			showEnvVarsInLog = 0;
		};
/* End PBXShellScriptBuildPhase section */

/* Begin PBXSourcesBuildPhase section */
		0D6D60921B27AE940086475C /* Sources */ = {
			isa = PBXSourcesBuildPhase;
			buildActionMask = 2147483647;
			files = (
				0D6D60A11B27AE940086475C /* AuthViewController.m in Sources */,
				0D6D60B41B27B2140086475C /* UserInfoViewController.m in Sources */,
				0D6D609E1B27AE940086475C /* AppDelegate.m in Sources */,
				0D6D609B1B27AE940086475C /* main.m in Sources */,
			);
			runOnlyForDeploymentPostprocessing = 0;
		};
/* End PBXSourcesBuildPhase section */

/* Begin PBXVariantGroup section */
		0D6D60A21B27AE940086475C /* Main.storyboard */ = {
			isa = PBXVariantGroup;
			children = (
				0D6D60A31B27AE940086475C /* Base */,
			);
			name = Main.storyboard;
			sourceTree = "<group>";
		};
		0D6D60A71B27AE940086475C /* LaunchScreen.storyboard */ = {
			isa = PBXVariantGroup;
			children = (
				0D6D60A81B27AE940086475C /* Base */,
			);
			name = LaunchScreen.storyboard;
			sourceTree = "<group>";
		};
/* End PBXVariantGroup section */

/* Begin XCBuildConfiguration section */
		0D6D60AB1B27AE940086475C /* Debug */ = {
			isa = XCBuildConfiguration;
			buildSettings = {
				ALWAYS_SEARCH_USER_PATHS = NO;
				CLANG_CXX_LANGUAGE_STANDARD = "gnu++0x";
				CLANG_CXX_LIBRARY = "libc++";
				CLANG_ENABLE_MODULES = YES;
				CLANG_ENABLE_OBJC_ARC = YES;
				CLANG_WARN_BOOL_CONVERSION = YES;
				CLANG_WARN_CONSTANT_CONVERSION = YES;
				CLANG_WARN_DIRECT_OBJC_ISA_USAGE = YES_ERROR;
				CLANG_WARN_EMPTY_BODY = YES;
				CLANG_WARN_ENUM_CONVERSION = YES;
				CLANG_WARN_INT_CONVERSION = YES;
				CLANG_WARN_OBJC_ROOT_CLASS = YES_ERROR;
				CLANG_WARN_UNREACHABLE_CODE = YES;
				CLANG_WARN__DUPLICATE_METHOD_MATCH = YES;
				"CODE_SIGN_IDENTITY[sdk=iphoneos*]" = "iPhone Developer";
				COPY_PHASE_STRIP = NO;
				DEBUG_INFORMATION_FORMAT = dwarf;
				ENABLE_STRICT_OBJC_MSGSEND = YES;
				ENABLE_TESTABILITY = YES;
				GCC_C_LANGUAGE_STANDARD = gnu99;
				GCC_DYNAMIC_NO_PIC = NO;
				GCC_NO_COMMON_BLOCKS = YES;
				GCC_OPTIMIZATION_LEVEL = 0;
				GCC_PREPROCESSOR_DEFINITIONS = (
					"DEBUG=1",
					"$(inherited)",
				);
				GCC_WARN_64_TO_32_BIT_CONVERSION = YES;
				GCC_WARN_ABOUT_RETURN_TYPE = YES_ERROR;
				GCC_WARN_UNDECLARED_SELECTOR = YES;
				GCC_WARN_UNINITIALIZED_AUTOS = YES_AGGRESSIVE;
				GCC_WARN_UNUSED_FUNCTION = YES;
				GCC_WARN_UNUSED_VARIABLE = YES;
				IPHONEOS_DEPLOYMENT_TARGET = 9.0;
				MTL_ENABLE_DEBUG_INFO = YES;
				ONLY_ACTIVE_ARCH = YES;
				SDKROOT = iphoneos;
				TARGETED_DEVICE_FAMILY = "1,2";
			};
			name = Debug;
		};
		0D6D60AC1B27AE940086475C /* Release */ = {
			isa = XCBuildConfiguration;
			buildSettings = {
				ALWAYS_SEARCH_USER_PATHS = NO;
				CLANG_CXX_LANGUAGE_STANDARD = "gnu++0x";
				CLANG_CXX_LIBRARY = "libc++";
				CLANG_ENABLE_MODULES = YES;
				CLANG_ENABLE_OBJC_ARC = YES;
				CLANG_WARN_BOOL_CONVERSION = YES;
				CLANG_WARN_CONSTANT_CONVERSION = YES;
				CLANG_WARN_DIRECT_OBJC_ISA_USAGE = YES_ERROR;
				CLANG_WARN_EMPTY_BODY = YES;
				CLANG_WARN_ENUM_CONVERSION = YES;
				CLANG_WARN_INT_CONVERSION = YES;
				CLANG_WARN_OBJC_ROOT_CLASS = YES_ERROR;
				CLANG_WARN_UNREACHABLE_CODE = YES;
				CLANG_WARN__DUPLICATE_METHOD_MATCH = YES;
				"CODE_SIGN_IDENTITY[sdk=iphoneos*]" = "iPhone Developer";
				COPY_PHASE_STRIP = NO;
				DEBUG_INFORMATION_FORMAT = "dwarf-with-dsym";
				ENABLE_NS_ASSERTIONS = NO;
				ENABLE_STRICT_OBJC_MSGSEND = YES;
				GCC_C_LANGUAGE_STANDARD = gnu99;
				GCC_NO_COMMON_BLOCKS = YES;
				GCC_WARN_64_TO_32_BIT_CONVERSION = YES;
				GCC_WARN_ABOUT_RETURN_TYPE = YES_ERROR;
				GCC_WARN_UNDECLARED_SELECTOR = YES;
				GCC_WARN_UNINITIALIZED_AUTOS = YES_AGGRESSIVE;
				GCC_WARN_UNUSED_FUNCTION = YES;
				GCC_WARN_UNUSED_VARIABLE = YES;
				IPHONEOS_DEPLOYMENT_TARGET = 9.0;
				MTL_ENABLE_DEBUG_INFO = NO;
				SDKROOT = iphoneos;
				TARGETED_DEVICE_FAMILY = "1,2";
				VALIDATE_PRODUCT = YES;
			};
			name = Release;
		};
		0D6D60AE1B27AE940086475C /* Debug */ = {
			isa = XCBuildConfiguration;
			baseConfigurationReference = 97A89AAEA98F5B597319D6FD /* Pods-OAuthClient.debug.xcconfig */;
			buildSettings = {
				ASSETCATALOG_COMPILER_APPICON_NAME = AppIcon;
				CODE_SIGN_IDENTITY = "iPhone Developer";
				INFOPLIST_FILE = OAuthClient/Info.plist;
				IPHONEOS_DEPLOYMENT_TARGET = 8.3;
				LD_RUNPATH_SEARCH_PATHS = "$(inherited) @executable_path/Frameworks";
				PRODUCT_BUNDLE_IDENTIFIER = com.nixu.OAuthClient;
				PRODUCT_NAME = "$(TARGET_NAME)";
			};
			name = Debug;
		};
		0D6D60AF1B27AE940086475C /* Release */ = {
			isa = XCBuildConfiguration;
			baseConfigurationReference = CE537D25F404A655643DB529 /* Pods-OAuthClient.release.xcconfig */;
			buildSettings = {
				ASSETCATALOG_COMPILER_APPICON_NAME = AppIcon;
				CODE_SIGN_IDENTITY = "iPhone Developer";
				INFOPLIST_FILE = OAuthClient/Info.plist;
				IPHONEOS_DEPLOYMENT_TARGET = 8.3;
				LD_RUNPATH_SEARCH_PATHS = "$(inherited) @executable_path/Frameworks";
				PRODUCT_BUNDLE_IDENTIFIER = com.nixu.OAuthClient;
				PRODUCT_NAME = "$(TARGET_NAME)";
			};
			name = Release;
		};
/* End XCBuildConfiguration section */

/* Begin XCConfigurationList section */
		0D6D60911B27AE940086475C /* Build configuration list for PBXProject "OAuthClient" */ = {
			isa = XCConfigurationList;
			buildConfigurations = (
				0D6D60AB1B27AE940086475C /* Debug */,
				0D6D60AC1B27AE940086475C /* Release */,
			);
			defaultConfigurationIsVisible = 0;
			defaultConfigurationName = Release;
		};
		0D6D60AD1B27AE940086475C /* Build configuration list for PBXNativeTarget "OAuthClient" */ = {
			isa = XCConfigurationList;
			buildConfigurations = (
				0D6D60AE1B27AE940086475C /* Debug */,
				0D6D60AF1B27AE940086475C /* Release */,
			);
			defaultConfigurationIsVisible = 0;
			defaultConfigurationName = Release;
		};
/* End XCConfigurationList section */
	};
	rootObject = 0D6D608E1B27AE940086475C /* Project object */;
}
